Microsoft Visual Studio Solution File, Format Version 12.00
# Visual Studio Version 17
VisualStudioVersion = 17.5.2.0
MinimumVisualStudioVersion = 10.0.40219.1
Project("{2150E333-8FDC-42A3-9474-1A3956D46DE8}") = "apps", "apps", "{1787FE1D-075E-9E68-7218-25F1BD1BBEAB}"
EndProject
Project("{FAE04EC0-301F-11D3-BF4B-00C04F79EFBC}") = "HotelImporter", "apps\HotelImporter\HotelImporter.csproj", "{6137A126-18E7-9488-CA39-362A4F2672C8}"
EndProject
Global
	GlobalSection(SolutionConfigurationPlatforms) = preSolution
		Debug|Any CPU = Debug|Any CPU
		Release|Any CPU = Release|Any CPU
	EndGlobalSection
	GlobalSection(ProjectConfigurationPlatforms) = postSolution
		{6137A126-18E7-9488-CA39-362A4F2672C8}.Debug|Any CPU.ActiveCfg = Debug|Any CPU
		{6137A126-18E7-9488-CA39-362A4F2672C8}.Debug|Any CPU.Build.0 = Debug|Any CPU
		{6137A126-18E7-9488-CA39-362A4F2672C8}.Release|Any CPU.ActiveCfg = Release|Any CPU
		{6137A126-18E7-9488-CA39-362A4F2672C8}.Release|Any CPU.Build.0 = Release|Any CPU
	EndGlobalSection
	GlobalSection(SolutionProperties) = preSolution
		HideSolutionNode = FALSE
	EndGlobalSection
	GlobalSection(NestedProjects) = preSolution
		{6137A126-18E7-9488-CA39-362A4F2672C8} = {1787FE1D-075E-9E68-7218-25F1BD1BBEAB}
	EndGlobalSection
	GlobalSection(ExtensibilityGlobals) = postSolution
		SolutionGuid = {256E2149-FF3B-48E3-BABC-956212EF8C87}
	EndGlobalSection
EndGlobal
